
Microsoft Visual Studio Solution File, Format Version 12.00
# Visual Studio Version 17
VisualStudioVersion = 17.7.34031.279
MinimumVisualStudioVersion = 10.0.40219.1
Project("{9A19103F-16F7-4668-BE54-9A1E7A4F7556}") = "POO", "Poo\POO.csproj", "{D4271811-498A-4BE5-B05C-DA77C520CD48}"
EndProject
Global
	GlobalSection(SolutionConfigurationPlatforms) = preSolution
		Debug|Any CPU = Debug|Any CPU
		Release|Any CPU = Release|Any CPU
	EndGlobalSection
	GlobalSection(ProjectConfigurationPlatforms) = postSolution
		{D4271811-498A-4BE5-B05C-DA77C520CD48}.Debug|Any CPU.ActiveCfg = Debug|Any CPU
		{D4271811-498A-4BE5-B05C-DA77C520CD48}.Debug|Any CPU.Build.0 = Debug|Any CPU
		{D4271811-498A-4BE5-B05C-DA77C520CD48}.Release|Any CPU.ActiveCfg = Release|Any CPU
		{D4271811-498A-4BE5-B05C-DA77C520CD48}.Release|Any CPU.Build.0 = Release|Any CPU
	EndGlobalSection
	GlobalSection(SolutionProperties) = preSolution
		HideSolutionNode = FALSE
	EndGlobalSection
	GlobalSection(ExtensibilityGlobals) = postSolution
		SolutionGuid = {4397A607-5B2F-42FD-9021-EBE9F49776F3}
	EndGlobalSection
EndGlobal
